# This file is automatically @generated by Cargo.
# It is not intended for manual editing.
version = 4

[[package]]
name = "athria-application"
version = "0.1.0"
dependencies = [
 "athria-core",
 "athria-store",
]

[[package]]
name = "athria-core"
version = "0.1.0"

[[package]]
name = "athria-integrations"
version = "0.1.0"
dependencies = [
 "athria-core",
]

[[package]]
name = "athria-mcp"
version = "0.1.0"
dependencies = [
 "athria-application",
 "athria-core",
]

[[package]]
name = "athria-runtime"
version = "0.1.0"
dependencies = [
 "athria-application",
 "athria-core",
 "athria-integrations",
 "athria-mcp",
 "athria-store",
]

[[package]]
name = "athria-store"
version = "0.1.0"
dependencies = [
 "athria-core",
]
